// !$*UTF8*$!
{
	archiveVersion = 1;
	classes = {
	};
	objectVersion = 48;
	objects = {

/* Begin PBXBuildFile section */
		6CD406FB2053413C002724F7 /* AppDelegate.swift in Sources */ = {isa = PBXBuildFile; fileRef = 6CD406FA2053413C002724F7 /* AppDelegate.swift */; };
		6CD406FD2053413C002724F7 /* ViewController.swift in Sources */ = {isa = PBXBuildFile; fileRef = 6CD406FC2053413C002724F7 /* ViewController.swift */; };
		6CD407002053413C002724F7 /* Main.storyboard in Resources */ = {isa = PBXBuildFile; fileRef = 6CD406FE2053413C002724F7 /* Main.storyboard */; };
		6CD407022053413C002724F7 /* Assets.xcassets in Resources */ = {isa = PBXBuildFile; fileRef = 6CD407012053413C002724F7 /* Assets.xcassets */; };
		6CD407052053413C002724F7 /* LaunchScreen.storyboard in Resources */ = {isa = PBXBuildFile; fileRef = 6CD407032053413C002724F7 /* LaunchScreen.storyboard */; };
		6CD407112053459F002724F7 /* Anton.ttf in Resources */ = {isa = PBXBuildFile; fileRef = 6CD407102053459F002724F7 /* Anton.ttf */; };
		6CD40713205347EB002724F7 /* MainTabBarController.swift in Sources */ = {isa = PBXBuildFile; fileRef = 6CD40712205347EB002724F7 /* MainTabBarController.swift */; };
/* End PBXBuildFile section */

/* Begin PBXFileReference section */
		6CD406F72053413C002724F7 /* Thundera.app */ = {isa = PBXFileReference; explicitFileType = wrapper.application; includeInIndex = 0; path = Thundera.app; sourceTree = BUILT_PRODUCTS_DIR; };
		6CD406FA2053413C002724F7 /* AppDelegate.swift */ = {isa = PBXFileReference; lastKnownFileType = sourcecode.swift; path = AppDelegate.swift; sourceTree = "<group>"; };
		6CD406FC2053413C002724F7 /* ViewController.swift */ = {isa = PBXFileReference; lastKnownFileType = sourcecode.swift; path = ViewController.swift; sourceTree = "<group>"; };
		6CD406FF2053413C002724F7 /* Base */ = {isa = PBXFileReference; lastKnownFileType = file.storyboard; name = Base; path = Base.lproj/Main.storyboard; sourceTree = "<group>"; };
		6CD407012053413C002724F7 /* Assets.xcassets */ = {isa = PBXFileReference; lastKnownFileType = folder.assetcatalog; path = Assets.xcassets; sourceTree = "<group>"; };
		6CD407042053413C002724F7 /* Base */ = {isa = PBXFileReference; lastKnownFileType = file.storyboard; name = Base; path = Base.lproj/LaunchScreen.storyboard; sourceTree = "<group>"; };
		6CD407062053413C002724F7 /* Info.plist */ = {isa = PBXFileReference; lastKnownFileType = text.plist.xml; path = Info.plist; sourceTree = "<group>"; };
		6CD407102053459F002724F7 /* Anton.ttf */ = {isa = PBXFileReference; lastKnownFileType = file; path = Anton.ttf; sourceTree = "<group>"; };
		6CD40712205347EB002724F7 /* MainTabBarController.swift */ = {isa = PBXFileReference; lastKnownFileType = sourcecode.swift; path = MainTabBarController.swift; sourceTree = "<group>"; };
/* End PBXFileReference section */

/* Begin PBXFrameworksBuildPhase section */
		6CD406F42053413C002724F7 /* Frameworks */ = {
			isa = PBXFrameworksBuildPhase;
			buildActionMask = 2147483647;
			files = (
			);
			runOnlyForDeploymentPostprocessing = 0;
		};
/* End PBXFrameworksBuildPhase section */

/* Begin PBXGroup section */
		6CD406EE2053413C002724F7 = {
			isa = PBXGroup;
			children = (
				6CD406F92053413C002724F7 /* Thundera */,
				6CD406F82053413C002724F7 /* Products */,
			);
			sourceTree = "<group>";
		};
		6CD406F82053413C002724F7 /* Products */ = {
			isa = PBXGroup;
			children = (
				6CD406F72053413C002724F7 /* Thundera.app */,
			);
			name = Products;
			sourceTree = "<group>";
		};
		6CD406F92053413C002724F7 /* Thundera */ = {
			isa = PBXGroup;
			children = (
				6CD4070F2053454D002724F7 /* Controllers */,
				6CD4070E2053451A002724F7 /* Views */,
				6CD4070D20534504002724F7 /* Infrastructure */,
				6CD4070C205344EA002724F7 /* Assets */,
			);
			path = Thundera;
			sourceTree = "<group>";
		};
		6CD4070C205344EA002724F7 /* Assets */ = {
			isa = PBXGroup;
			children = (
				6CD407102053459F002724F7 /* Anton.ttf */,
				6CD407012053413C002724F7 /* Assets.xcassets */,
			);
			path = Assets;
			sourceTree = "<group>";
		};
		6CD4070D20534504002724F7 /* Infrastructure */ = {
			isa = PBXGroup;
			children = (
				6CD406FA2053413C002724F7 /* AppDelegate.swift */,
				6CD407062053413C002724F7 /* Info.plist */,
			);
			path = Infrastructure;
			sourceTree = "<group>";
		};
		6CD4070E2053451A002724F7 /* Views */ = {
			isa = PBXGroup;
			children = (
				6CD407032053413C002724F7 /* LaunchScreen.storyboard */,
				6CD406FE2053413C002724F7 /* Main.storyboard */,
			);
			path = Views;
			sourceTree = "<group>";
		};
		6CD4070F2053454D002724F7 /* Controllers */ = {
			isa = PBXGroup;
			children = (
				6CD406FC2053413C002724F7 /* ViewController.swift */,
				6CD40712205347EB002724F7 /* MainTabBarController.swift */,
			);
			path = Controllers;
			sourceTree = "<group>";
		};
/* End PBXGroup section */

/* Begin PBXNativeTarget section */
		6CD406F62053413C002724F7 /* Thundera */ = {
			isa = PBXNativeTarget;
			buildConfigurationList = 6CD407092053413C002724F7 /* Build configuration list for PBXNativeTarget "Thundera" */;
			buildPhases = (
				6CD406F32053413C002724F7 /* Sources */,
				6CD406F42053413C002724F7 /* Frameworks */,
				6CD406F52053413C002724F7 /* Resources */,
			);
			buildRules = (
			);
			dependencies = (
			);
			name = Thundera;
			productName = Thundera;
			productReference = 6CD406F72053413C002724F7 /* Thundera.app */;
			productType = "com.apple.product-type.application";
		};
/* End PBXNativeTarget section */

/* Begin PBXProject section */
		6CD406EF2053413C002724F7 /* Project object */ = {
			isa = PBXProject;
			attributes = {
				LastSwiftUpdateCheck = 0920;
				LastUpgradeCheck = 0920;
				ORGANIZATIONNAME = ddApps;
				TargetAttributes = {
					6CD406F62053413C002724F7 = {
						CreatedOnToolsVersion = 9.2;
						ProvisioningStyle = Manual;
					};
				};
			};
			buildConfigurationList = 6CD406F22053413C002724F7 /* Build configuration list for PBXProject "Thundera" */;
			compatibilityVersion = "Xcode 8.0";
			developmentRegion = en;
			hasScannedForEncodings = 0;
			knownRegions = (
				en,
				Base,
			);
			mainGroup = 6CD406EE2053413C002724F7;
			productRefGroup = 6CD406F82053413C002724F7 /* Products */;
			projectDirPath = "";
			projectRoot = "";
			targets = (
				6CD406F62053413C002724F7 /* Thundera */,
			);
		};
/* End PBXProject section */

/* Begin PBXResourcesBuildPhase section */
		6CD406F52053413C002724F7 /* Resources */ = {
			isa = PBXResourcesBuildPhase;
			buildActionMask = 2147483647;
			files = (
				6CD407052053413C002724F7 /* LaunchScreen.storyboard in Resources */,
				6CD407112053459F002724F7 /* Anton.ttf in Resources */,
				6CD407022053413C002724F7 /* Assets.xcassets in Resources */,
				6CD407002053413C002724F7 /* Main.storyboard in Resources */,
			);
			runOnlyForDeploymentPostprocessing = 0;
		};
/* End PBXResourcesBuildPhase section */

/* Begin PBXSourcesBuildPhase section */
		6CD406F32053413C002724F7 /* Sources */ = {
			isa = PBXSourcesBuildPhase;
			buildActionMask = 2147483647;
			files = (
				6CD406FD2053413C002724F7 /* ViewController.swift in Sources */,
				6CD406FB2053413C002724F7 /* AppDelegate.swift in Sources */,
				6CD40713205347EB002724F7 /* MainTabBarController.swift in Sources */,
			);
			runOnlyForDeploymentPostprocessing = 0;
		};
/* End PBXSourcesBuildPhase section */

/* Begin PBXVariantGroup section */
		6CD406FE2053413C002724F7 /* Main.storyboard */ = {
			isa = PBXVariantGroup;
			children = (
				6CD406FF2053413C002724F7 /* Base */,
			);
			name = Main.storyboard;
			sourceTree = "<group>";
		};
		6CD407032053413C002724F7 /* LaunchScreen.storyboard */ = {
			isa = PBXVariantGroup;
			children = (
				6CD407042053413C002724F7 /* Base */,
			);
			name = LaunchScreen.storyboard;
			sourceTree = "<group>";
		};
/* End PBXVariantGroup section */

/* Begin XCBuildConfiguration section */
		6CD407072053413C002724F7 /* Debug */ = {
			isa = XCBuildConfiguration;
			buildSettings = {
				ALWAYS_SEARCH_USER_PATHS = NO;
				CLANG_ANALYZER_NONNULL = YES;
				CLANG_ANALYZER_NUMBER_OBJECT_CONVERSION = YES_AGGRESSIVE;
				CLANG_CXX_LANGUAGE_STANDARD = "gnu++14";
				CLANG_CXX_LIBRARY = "libc++";
				CLANG_ENABLE_MODULES = YES;
				CLANG_ENABLE_OBJC_ARC = YES;
				CLANG_WARN_BLOCK_CAPTURE_AUTORELEASING = YES;
				CLANG_WARN_BOOL_CONVERSION = YES;
				CLANG_WARN_COMMA = YES;
				CLANG_WARN_CONSTANT_CONVERSION = YES;
				CLANG_WARN_DIRECT_OBJC_ISA_USAGE = YES_ERROR;
				CLANG_WARN_DOCUMENTATION_COMMENTS = YES;
				CLANG_WARN_EMPTY_BODY = YES;
				CLANG_WARN_ENUM_CONVERSION = YES;
				CLANG_WARN_INFINITE_RECURSION = YES;
				CLANG_WARN_INT_CONVERSION = YES;
				CLANG_WARN_NON_LITERAL_NULL_CONVERSION = YES;
				CLANG_WARN_OBJC_LITERAL_CONVERSION = YES;
				CLANG_WARN_OBJC_ROOT_CLASS = YES_ERROR;
				CLANG_WARN_RANGE_LOOP_ANALYSIS = YES;
				CLANG_WARN_STRICT_PROTOTYPES = YES;
				CLANG_WARN_SUSPICIOUS_MOVE = YES;
				CLANG_WARN_UNGUARDED_AVAILABILITY = YES_AGGRESSIVE;
				CLANG_WARN_UNREACHABLE_CODE = YES;
				CLANG_WARN__DUPLICATE_METHOD_MATCH = YES;
				CODE_SIGN_IDENTITY = "iPhone Developer";
				COPY_PHASE_STRIP = NO;
				DEBUG_INFORMATION_FORMAT = dwarf;
				ENABLE_STRICT_OBJC_MSGSEND = YES;
				ENABLE_TESTABILITY = YES;
				GCC_C_LANGUAGE_STANDARD = gnu11;
				GCC_DYNAMIC_NO_PIC = NO;
				GCC_NO_COMMON_BLOCKS = YES;
				GCC_OPTIMIZATION_LEVEL = 0;
				GCC_PREPROCESSOR_DEFINITIONS = (
					"DEBUG=1",
					"$(inherited)",
				);
				GCC_WARN_64_TO_32_BIT_CONVERSION = YES;
				GCC_WARN_ABOUT_RETURN_TYPE = YES_ERROR;
				GCC_WARN_UNDECLARED_SELECTOR = YES;
				GCC_WARN_UNINITIALIZED_AUTOS = YES_AGGRESSIVE;
				GCC_WARN_UNUSED_FUNCTION = YES;
				GCC_WARN_UNUSED_VARIABLE = YES;
				IPHONEOS_DEPLOYMENT_TARGET = 11.2;
				MTL_ENABLE_DEBUG_INFO = YES;
				ONLY_ACTIVE_ARCH = YES;
				SDKROOT = iphoneos;
				SWIFT_ACTIVE_COMPILATION_CONDITIONS = DEBUG;
				SWIFT_OPTIMIZATION_LEVEL = "-Onone";
			};
			name = Debug;
		};
		6CD407082053413C002724F7 /* Release */ = {
			isa = XCBuildConfiguration;
			buildSettings = {
				ALWAYS_SEARCH_USER_PATHS = NO;
				CLANG_ANALYZER_NONNULL = YES;
				CLANG_ANALYZER_NUMBER_OBJECT_CONVERSION = YES_AGGRESSIVE;
				CLANG_CXX_LANGUAGE_STANDARD = "gnu++14";
				CLANG_CXX_LIBRARY = "libc++";
				CLANG_ENABLE_MODULES = YES;
				CLANG_ENABLE_OBJC_ARC = YES;
				CLANG_WARN_BLOCK_CAPTURE_AUTORELEASING = YES;
				CLANG_WARN_BOOL_CONVERSION = YES;
				CLANG_WARN_COMMA = YES;
				CLANG_WARN_CONSTANT_CONVERSION = YES;
				CLANG_WARN_DIRECT_OBJC_ISA_USAGE = YES_ERROR;
				CLANG_WARN_DOCUMENTATION_COMMENTS = YES;
				CLANG_WARN_EMPTY_BODY = YES;
				CLANG_WARN_ENUM_CONVERSION = YES;
				CLANG_WARN_INFINITE_RECURSION = YES;
				CLANG_WARN_INT_CONVERSION = YES;
				CLANG_WARN_NON_LITERAL_NULL_CONVERSION = YES;
				CLANG_WARN_OBJC_LITERAL_CONVERSION = YES;
				CLANG_WARN_OBJC_ROOT_CLASS = YES_ERROR;
				CLANG_WARN_RANGE_LOOP_ANALYSIS = YES;
				CLANG_WARN_STRICT_PROTOTYPES = YES;
				CLANG_WARN_SUSPICIOUS_MOVE = YES;
				CLANG_WARN_UNGUARDED_AVAILABILITY = YES_AGGRESSIVE;
				CLANG_WARN_UNREACHABLE_CODE = YES;
				CLANG_WARN__DUPLICATE_METHOD_MATCH = YES;
				CODE_SIGN_IDENTITY = "iPhone Developer";
				COPY_PHASE_STRIP = NO;
				DEBUG_INFORMATION_FORMAT = "dwarf-with-dsym";
				ENABLE_NS_ASSERTIONS = NO;
				ENABLE_STRICT_OBJC_MSGSEND = YES;
				GCC_C_LANGUAGE_STANDARD = gnu11;
				GCC_NO_COMMON_BLOCKS = YES;
				GCC_WARN_64_TO_32_BIT_CONVERSION = YES;
				GCC_WARN_ABOUT_RETURN_TYPE = YES_ERROR;
				GCC_WARN_UNDECLARED_SELECTOR = YES;
				GCC_WARN_UNINITIALIZED_AUTOS = YES_AGGRESSIVE;
				GCC_WARN_UNUSED_FUNCTION = YES;
				GCC_WARN_UNUSED_VARIABLE = YES;
				IPHONEOS_DEPLOYMENT_TARGET = 11.2;
				MTL_ENABLE_DEBUG_INFO = NO;
				SDKROOT = iphoneos;
				SWIFT_OPTIMIZATION_LEVEL = "-Owholemodule";
				VALIDATE_PRODUCT = YES;
			};
			name = Release;
		};
		6CD4070A2053413C002724F7 /* Debug */ = {
			isa = XCBuildConfiguration;
			buildSettings = {
				ASSETCATALOG_COMPILER_APPICON_NAME = AppIcon;
				CODE_SIGN_STYLE = Manual;
				DEVELOPMENT_TEAM = "";
				INFOPLIST_FILE = "$(SRCROOT)/Thundera/Infrastructure/Info.plist";
				LD_RUNPATH_SEARCH_PATHS = "$(inherited) @executable_path/Frameworks";
				PRODUCT_BUNDLE_IDENTIFIER = co.ddApps.thundera;
				PRODUCT_NAME = "$(TARGET_NAME)";
				PROVISIONING_PROFILE_SPECIFIER = "";
				SWIFT_VERSION = 4.0;
				TARGETED_DEVICE_FAMILY = "1,2";
			};
			name = Debug;
		};
		6CD4070B2053413C002724F7 /* Release */ = {
			isa = XCBuildConfiguration;
			buildSettings = {
				ASSETCATALOG_COMPILER_APPICON_NAME = AppIcon;
				CODE_SIGN_STYLE = Manual;
				DEVELOPMENT_TEAM = "";
				INFOPLIST_FILE = "$(SRCROOT)/Thundera/Infrastructure/Info.plist";
				LD_RUNPATH_SEARCH_PATHS = "$(inherited) @executable_path/Frameworks";
				PRODUCT_BUNDLE_IDENTIFIER = co.ddApps.thundera;
				PRODUCT_NAME = "$(TARGET_NAME)";
				PROVISIONING_PROFILE_SPECIFIER = "";
				SWIFT_VERSION = 4.0;
				TARGETED_DEVICE_FAMILY = "1,2";
			};
			name = Release;
		};
/* End XCBuildConfiguration section */

/* Begin XCConfigurationList section */
		6CD406F22053413C002724F7 /* Build configuration list for PBXProject "Thundera" */ = {
			isa = XCConfigurationList;
			buildConfigurations = (
				6CD407072053413C002724F7 /* Debug */,
				6CD407082053413C002724F7 /* Release */,
			);
			defaultConfigurationIsVisible = 0;
			defaultConfigurationName = Release;
		};
		6CD407092053413C002724F7 /* Build configuration list for PBXNativeTarget "Thundera" */ = {
			isa = XCConfigurationList;
			buildConfigurations = (
				6CD4070A2053413C002724F7 /* Debug */,
				6CD4070B2053413C002724F7 /* Release */,
			);
			defaultConfigurationIsVisible = 0;
			defaultConfigurationName = Release;
		};
/* End XCConfigurationList section */
	};
	rootObject = 6CD406EF2053413C002724F7 /* Project object */;
}
