PODS:
  - Alamofire (4.6.0)
  - SDWebImage (4.3.0):
    - SDWebImage/Core (= 4.3.0)
  - SDWebImage/Core (4.3.0)

DEPENDENCIES:
  - Alamofire (~> 4.6)
  - SDWebImage (~> 4.0)

SPEC CHECKSUMS:
  Alamofire: f41a599bd63041760b26d393ec1069d9d7b917f4
  SDWebImage: 6da6c8bca115addc4de8613362e1b15f66333825

PODFILE CHECKSUM: 4fde85288a6166cf00bf9c5a94eb47805c065b00

COCOAPODS: 1.4.0
